
Microsoft Visual Studio Solution File, Format Version 12.00
# Visual Studio Version 17
VisualStudioVersion = 17.10.34928.147
MinimumVisualStudioVersion = 10.0.40219.1
Project("{9A19103F-16F7-4668-BE54-9A1E7A4F7556}") = "StoreAppWeb", "StoreAppWeb\StoreAppWeb.csproj", "{617417B1-63D9-4788-928D-9E98CD2A45E4}"
EndProject
Project("{9A19103F-16F7-4668-BE54-9A1E7A4F7556}") = "StoreApp.Data", "StoreApp.Data\StoreApp.Data.csproj", "{C545425D-ECA6-4424-B5A4-4501ADEE721A}"
EndProject
Global
	GlobalSection(SolutionConfigurationPlatforms) = preSolution
		Debug|Any CPU = Debug|Any CPU
		Release|Any CPU = Release|Any CPU
	EndGlobalSection
	GlobalSection(ProjectConfigurationPlatforms) = postSolution
		{617417B1-63D9-4788-928D-9E98CD2A45E4}.Debug|Any CPU.ActiveCfg = Debug|Any CPU
		{617417B1-63D9-4788-928D-9E98CD2A45E4}.Debug|Any CPU.Build.0 = Debug|Any CPU
		{617417B1-63D9-4788-928D-9E98CD2A45E4}.Release|Any CPU.ActiveCfg = Release|Any CPU
		{617417B1-63D9-4788-928D-9E98CD2A45E4}.Release|Any CPU.Build.0 = Release|Any CPU
		{C545425D-ECA6-4424-B5A4-4501ADEE721A}.Debug|Any CPU.ActiveCfg = Debug|Any CPU
		{C545425D-ECA6-4424-B5A4-4501ADEE721A}.Debug|Any CPU.Build.0 = Debug|Any CPU
		{C545425D-ECA6-4424-B5A4-4501ADEE721A}.Release|Any CPU.ActiveCfg = Release|Any CPU
		{C545425D-ECA6-4424-B5A4-4501ADEE721A}.Release|Any CPU.Build.0 = Release|Any CPU
	EndGlobalSection
	GlobalSection(SolutionProperties) = preSolution
		HideSolutionNode = FALSE
	EndGlobalSection
	GlobalSection(ExtensibilityGlobals) = postSolution
		SolutionGuid = {83477D5D-5D9E-4A54-8B25-D7C9D66701C8}
	EndGlobalSection
EndGlobal
